
Microsoft Visual Studio Solution File, Format Version 12.00
# Visual Studio Version 17
VisualStudioVersion = 17.13.36105.23 d17.13
MinimumVisualStudioVersion = 10.0.40219.1
Project("{FAE04EC0-301F-11D3-BF4B-00C04F79EFBC}") = "DevToolsSuite", "DevToolsSuite.csproj", "{EBD17B32-764F-05B0-1640-D943BC3E7959}"
EndProject
Global
	GlobalSection(SolutionConfigurationPlatforms) = preSolution
		Debug|Any CPU = Debug|Any CPU
		Release|Any CPU = Release|Any CPU
	EndGlobalSection
	GlobalSection(ProjectConfigurationPlatforms) = postSolution
		{EBD17B32-764F-05B0-1640-D943BC3E7959}.Debug|Any CPU.ActiveCfg = Debug|Any CPU
		{EBD17B32-764F-05B0-1640-D943BC3E7959}.Debug|Any CPU.Build.0 = Debug|Any CPU
		{EBD17B32-764F-05B0-1640-D943BC3E7959}.Release|Any CPU.ActiveCfg = Release|Any CPU
		{EBD17B32-764F-05B0-1640-D943BC3E7959}.Release|Any CPU.Build.0 = Release|Any CPU
	EndGlobalSection
	GlobalSection(SolutionProperties) = preSolution
		HideSolutionNode = FALSE
	EndGlobalSection
	GlobalSection(ExtensibilityGlobals) = postSolution
		SolutionGuid = {030D050A-F258-4EE7-84D4-0CED73FA6C38}
	EndGlobalSection
EndGlobal
